
Microsoft Visual Studio Solution File, Format Version 12.00
# Visual Studio Version 17
VisualStudioVersion = 17.6.33815.320
MinimumVisualStudioVersion = 10.0.40219.1
Project("{FAE04EC0-301F-11D3-BF4B-00C04F79EFBC}") = "TEKenable_Newsletter", "TEKenable_Newsletter.csproj", "{89F7D76A-86FA-4C0B-8F8E-285B45A54D8B}"
EndProject
Global
	GlobalSection(SolutionConfigurationPlatforms) = preSolution
		Debug|Any CPU = Debug|Any CPU
		Release|Any CPU = Release|Any CPU
	EndGlobalSection
	GlobalSection(ProjectConfigurationPlatforms) = postSolution
		{89F7D76A-86FA-4C0B-8F8E-285B45A54D8B}.Debug|Any CPU.ActiveCfg = Debug|Any CPU
		{89F7D76A-86FA-4C0B-8F8E-285B45A54D8B}.Debug|Any CPU.Build.0 = Debug|Any CPU
		{89F7D76A-86FA-4C0B-8F8E-285B45A54D8B}.Release|Any CPU.ActiveCfg = Release|Any CPU
		{89F7D76A-86FA-4C0B-8F8E-285B45A54D8B}.Release|Any CPU.Build.0 = Release|Any CPU
	EndGlobalSection
	GlobalSection(SolutionProperties) = preSolution
		HideSolutionNode = FALSE
	EndGlobalSection
	GlobalSection(ExtensibilityGlobals) = postSolution
		SolutionGuid = {B06FC8AE-A703-4742-A7AE-F5457AD9D912}
	EndGlobalSection
EndGlobal
